// !$*UTF8*$!
{
	archiveVersion = 1;
	classes = {
	};
	objectVersion = 50;
	objects = {

/* Begin PBXBuildFile section */
		115338C52373B99F00B7492F /* AppDelegate.swift in Sources */ = {isa = PBXBuildFile; fileRef = 115338C42373B99F00B7492F /* AppDelegate.swift */; };
		115338C72373B99F00B7492F /* SceneDelegate.swift in Sources */ = {isa = PBXBuildFile; fileRef = 115338C62373B99F00B7492F /* SceneDelegate.swift */; };
		115338C92373B99F00B7492F /* LoginViewController.swift in Sources */ = {isa = PBXBuildFile; fileRef = 115338C82373B99F00B7492F /* LoginViewController.swift */; };
		115338CC2373B99F00B7492F /* Main.storyboard in Resources */ = {isa = PBXBuildFile; fileRef = 115338CA2373B99F00B7492F /* Main.storyboard */; };
		115338CE2373B99F00B7492F /* Assets.xcassets in Resources */ = {isa = PBXBuildFile; fileRef = 115338CD2373B99F00B7492F /* Assets.xcassets */; };
		115338D12373B9A000B7492F /* LaunchScreen.storyboard in Resources */ = {isa = PBXBuildFile; fileRef = 115338CF2373B9A000B7492F /* LaunchScreen.storyboard */; };
		115338DC2373B9A000B7492F /* MidTermTests.swift in Sources */ = {isa = PBXBuildFile; fileRef = 115338DB2373B9A000B7492F /* MidTermTests.swift */; };
		115338E72373B9A000B7492F /* MidTermUITests.swift in Sources */ = {isa = PBXBuildFile; fileRef = 115338E62373B9A000B7492F /* MidTermUITests.swift */; };
		115338F52373C2F600B7492F /* 149.jpg in Resources */ = {isa = PBXBuildFile; fileRef = 115338F42373C2F600B7492F /* 149.jpg */; };
		115338F72373D48E00B7492F /* Users.plist in Resources */ = {isa = PBXBuildFile; fileRef = 115338F62373D48E00B7492F /* Users.plist */; };
/* End PBXBuildFile section */

/* Begin PBXContainerItemProxy section */
		115338D82373B9A000B7492F /* PBXContainerItemProxy */ = {
			isa = PBXContainerItemProxy;
			containerPortal = 115338B92373B99F00B7492F /* Project object */;
			proxyType = 1;
			remoteGlobalIDString = 115338C02373B99F00B7492F;
			remoteInfo = MidTerm;
		};
		115338E32373B9A000B7492F /* PBXContainerItemProxy */ = {
			isa = PBXContainerItemProxy;
			containerPortal = 115338B92373B99F00B7492F /* Project object */;
			proxyType = 1;
			remoteGlobalIDString = 115338C02373B99F00B7492F;
			remoteInfo = MidTerm;
		};
/* End PBXContainerItemProxy section */

/* Begin PBXFileReference section */
		115338C12373B99F00B7492F /* MidTerm.app */ = {isa = PBXFileReference; explicitFileType = wrapper.application; includeInIndex = 0; path = MidTerm.app; sourceTree = BUILT_PRODUCTS_DIR; };
		115338C42373B99F00B7492F /* AppDelegate.swift */ = {isa = PBXFileReference; lastKnownFileType = sourcecode.swift; path = AppDelegate.swift; sourceTree = "<group>"; };
		115338C62373B99F00B7492F /* SceneDelegate.swift */ = {isa = PBXFileReference; lastKnownFileType = sourcecode.swift; path = SceneDelegate.swift; sourceTree = "<group>"; };
		115338C82373B99F00B7492F /* LoginViewController.swift */ = {isa = PBXFileReference; lastKnownFileType = sourcecode.swift; path = LoginViewController.swift; sourceTree = "<group>"; };
		115338CB2373B99F00B7492F /* Base */ = {isa = PBXFileReference; lastKnownFileType = file.storyboard; name = Base; path = Base.lproj/Main.storyboard; sourceTree = "<group>"; };
		115338CD2373B99F00B7492F /* Assets.xcassets */ = {isa = PBXFileReference; lastKnownFileType = folder.assetcatalog; path = Assets.xcassets; sourceTree = "<group>"; };
		115338D02373B9A000B7492F /* Base */ = {isa = PBXFileReference; lastKnownFileType = file.storyboard; name = Base; path = Base.lproj/LaunchScreen.storyboard; sourceTree = "<group>"; };
		115338D22373B9A000B7492F /* Info.plist */ = {isa = PBXFileReference; lastKnownFileType = text.plist.xml; path = Info.plist; sourceTree = "<group>"; };
		115338D72373B9A000B7492F /* MidTermTests.xctest */ = {isa = PBXFileReference; explicitFileType = wrapper.cfbundle; includeInIndex = 0; path = MidTermTests.xctest; sourceTree = BUILT_PRODUCTS_DIR; };
		115338DB2373B9A000B7492F /* MidTermTests.swift */ = {isa = PBXFileReference; lastKnownFileType = sourcecode.swift; path = MidTermTests.swift; sourceTree = "<group>"; };
		115338DD2373B9A000B7492F /* Info.plist */ = {isa = PBXFileReference; lastKnownFileType = text.plist.xml; path = Info.plist; sourceTree = "<group>"; };
		115338E22373B9A000B7492F /* MidTermUITests.xctest */ = {isa = PBXFileReference; explicitFileType = wrapper.cfbundle; includeInIndex = 0; path = MidTermUITests.xctest; sourceTree = BUILT_PRODUCTS_DIR; };
		115338E62373B9A000B7492F /* MidTermUITests.swift */ = {isa = PBXFileReference; lastKnownFileType = sourcecode.swift; path = MidTermUITests.swift; sourceTree = "<group>"; };
		115338E82373B9A000B7492F /* Info.plist */ = {isa = PBXFileReference; lastKnownFileType = text.plist.xml; path = Info.plist; sourceTree = "<group>"; };
		115338F42373C2F600B7492F /* 149.jpg */ = {isa = PBXFileReference; lastKnownFileType = image.jpeg; path = 149.jpg; sourceTree = "<group>"; };
		115338F62373D48E00B7492F /* Users.plist */ = {isa = PBXFileReference; lastKnownFileType = text.plist.xml; path = Users.plist; sourceTree = "<group>"; };
/* End PBXFileReference section */

/* Begin PBXFrameworksBuildPhase section */
		115338BE2373B99F00B7492F /* Frameworks */ = {
			isa = PBXFrameworksBuildPhase;
			buildActionMask = 2147483647;
			files = (
			);
			runOnlyForDeploymentPostprocessing = 0;
		};
		115338D42373B9A000B7492F /* Frameworks */ = {
			isa = PBXFrameworksBuildPhase;
			buildActionMask = 2147483647;
			files = (
			);
			runOnlyForDeploymentPostprocessing = 0;
		};
		115338DF2373B9A000B7492F /* Frameworks */ = {
			isa = PBXFrameworksBuildPhase;
			buildActionMask = 2147483647;
			files = (
			);
			runOnlyForDeploymentPostprocessing = 0;
		};
/* End PBXFrameworksBuildPhase section */

/* Begin PBXGroup section */
		115338B82373B99F00B7492F = {
			isa = PBXGroup;
			children = (
				115338C32373B99F00B7492F /* MidTerm */,
				115338DA2373B9A000B7492F /* MidTermTests */,
				115338E52373B9A000B7492F /* MidTermUITests */,
				115338C22373B99F00B7492F /* Products */,
			);
			sourceTree = "<group>";
		};
		115338C22373B99F00B7492F /* Products */ = {
			isa = PBXGroup;
			children = (
				115338C12373B99F00B7492F /* MidTerm.app */,
				115338D72373B9A000B7492F /* MidTermTests.xctest */,
				115338E22373B9A000B7492F /* MidTermUITests.xctest */,
			);
			name = Products;
			sourceTree = "<group>";
		};
		115338C32373B99F00B7492F /* MidTerm */ = {
			isa = PBXGroup;
			children = (
				115338C42373B99F00B7492F /* AppDelegate.swift */,
				115338C62373B99F00B7492F /* SceneDelegate.swift */,
				115338C82373B99F00B7492F /* LoginViewController.swift */,
				115338CA2373B99F00B7492F /* Main.storyboard */,
				115338CD2373B99F00B7492F /* Assets.xcassets */,
				115338F42373C2F600B7492F /* 149.jpg */,
				115338CF2373B9A000B7492F /* LaunchScreen.storyboard */,
				115338D22373B9A000B7492F /* Info.plist */,
				115338F62373D48E00B7492F /* Users.plist */,
			);
			path = MidTerm;
			sourceTree = "<group>";
		};
		115338DA2373B9A000B7492F /* MidTermTests */ = {
			isa = PBXGroup;
			children = (
				115338DB2373B9A000B7492F /* MidTermTests.swift */,
				115338DD2373B9A000B7492F /* Info.plist */,
			);
			path = MidTermTests;
			sourceTree = "<group>";
		};
		115338E52373B9A000B7492F /* MidTermUITests */ = {
			isa = PBXGroup;
			children = (
				115338E62373B9A000B7492F /* MidTermUITests.swift */,
				115338E82373B9A000B7492F /* Info.plist */,
			);
			path = MidTermUITests;
			sourceTree = "<group>";
		};
/* End PBXGroup section */

/* Begin PBXNativeTarget section */
		115338C02373B99F00B7492F /* MidTerm */ = {
			isa = PBXNativeTarget;
			buildConfigurationList = 115338EB2373B9A000B7492F /* Build configuration list for PBXNativeTarget "MidTerm" */;
			buildPhases = (
				115338BD2373B99F00B7492F /* Sources */,
				115338BE2373B99F00B7492F /* Frameworks */,
				115338BF2373B99F00B7492F /* Resources */,
			);
			buildRules = (
			);
			dependencies = (
			);
			name = MidTerm;
			productName = MidTerm;
			productReference = 115338C12373B99F00B7492F /* MidTerm.app */;
			productType = "com.apple.product-type.application";
		};
		115338D62373B9A000B7492F /* MidTermTests */ = {
			isa = PBXNativeTarget;
			buildConfigurationList = 115338EE2373B9A000B7492F /* Build configuration list for PBXNativeTarget "MidTermTests" */;
			buildPhases = (
				115338D32373B9A000B7492F /* Sources */,
				115338D42373B9A000B7492F /* Frameworks */,
				115338D52373B9A000B7492F /* Resources */,
			);
			buildRules = (
			);
			dependencies = (
				115338D92373B9A000B7492F /* PBXTargetDependency */,
			);
			name = MidTermTests;
			productName = MidTermTests;
			productReference = 115338D72373B9A000B7492F /* MidTermTests.xctest */;
			productType = "com.apple.product-type.bundle.unit-test";
		};
		115338E12373B9A000B7492F /* MidTermUITests */ = {
			isa = PBXNativeTarget;
			buildConfigurationList = 115338F12373B9A000B7492F /* Build configuration list for PBXNativeTarget "MidTermUITests" */;
			buildPhases = (
				115338DE2373B9A000B7492F /* Sources */,
				115338DF2373B9A000B7492F /* Frameworks */,
				115338E02373B9A000B7492F /* Resources */,
			);
			buildRules = (
			);
			dependencies = (
				115338E42373B9A000B7492F /* PBXTargetDependency */,
			);
			name = MidTermUITests;
			productName = MidTermUITests;
			productReference = 115338E22373B9A000B7492F /* MidTermUITests.xctest */;
			productType = "com.apple.product-type.bundle.ui-testing";
		};
/* End PBXNativeTarget section */

/* Begin PBXProject section */
		115338B92373B99F00B7492F /* Project object */ = {
			isa = PBXProject;
			attributes = {
				LastSwiftUpdateCheck = 1100;
				LastUpgradeCheck = 1100;
				ORGANIZATIONNAME = Bushair;
				TargetAttributes = {
					115338C02373B99F00B7492F = {
						CreatedOnToolsVersion = 11.0;
					};
					115338D62373B9A000B7492F = {
						CreatedOnToolsVersion = 11.0;
						TestTargetID = 115338C02373B99F00B7492F;
					};
					115338E12373B9A000B7492F = {
						CreatedOnToolsVersion = 11.0;
						TestTargetID = 115338C02373B99F00B7492F;
					};
				};
			};
			buildConfigurationList = 115338BC2373B99F00B7492F /* Build configuration list for PBXProject "MidTerm" */;
			compatibilityVersion = "Xcode 9.3";
			developmentRegion = en;
			hasScannedForEncodings = 0;
			knownRegions = (
				en,
				Base,
			);
			mainGroup = 115338B82373B99F00B7492F;
			productRefGroup = 115338C22373B99F00B7492F /* Products */;
			projectDirPath = "";
			projectRoot = "";
			targets = (
				115338C02373B99F00B7492F /* MidTerm */,
				115338D62373B9A000B7492F /* MidTermTests */,
				115338E12373B9A000B7492F /* MidTermUITests */,
			);
		};
/* End PBXProject section */

/* Begin PBXResourcesBuildPhase section */
		115338BF2373B99F00B7492F /* Resources */ = {
			isa = PBXResourcesBuildPhase;
			buildActionMask = 2147483647;
			files = (
				115338F52373C2F600B7492F /* 149.jpg in Resources */,
				115338D12373B9A000B7492F /* LaunchScreen.storyboard in Resources */,
				115338F72373D48E00B7492F /* Users.plist in Resources */,
				115338CE2373B99F00B7492F /* Assets.xcassets in Resources */,
				115338CC2373B99F00B7492F /* Main.storyboard in Resources */,
			);
			runOnlyForDeploymentPostprocessing = 0;
		};
		115338D52373B9A000B7492F /* Resources */ = {
			isa = PBXResourcesBuildPhase;
			buildActionMask = 2147483647;
			files = (
			);
			runOnlyForDeploymentPostprocessing = 0;
		};
		115338E02373B9A000B7492F /* Resources */ = {
			isa = PBXResourcesBuildPhase;
			buildActionMask = 2147483647;
			files = (
			);
			runOnlyForDeploymentPostprocessing = 0;
		};
/* End PBXResourcesBuildPhase section */

/* Begin PBXSourcesBuildPhase section */
		115338BD2373B99F00B7492F /* Sources */ = {
			isa = PBXSourcesBuildPhase;
			buildActionMask = 2147483647;
			files = (
				115338C92373B99F00B7492F /* LoginViewController.swift in Sources */,
				115338C52373B99F00B7492F /* AppDelegate.swift in Sources */,
				115338C72373B99F00B7492F /* SceneDelegate.swift in Sources */,
			);
			runOnlyForDeploymentPostprocessing = 0;
		};
		115338D32373B9A000B7492F /* Sources */ = {
			isa = PBXSourcesBuildPhase;
			buildActionMask = 2147483647;
			files = (
				115338DC2373B9A000B7492F /* MidTermTests.swift in Sources */,
			);
			runOnlyForDeploymentPostprocessing = 0;
		};
		115338DE2373B9A000B7492F /* Sources */ = {
			isa = PBXSourcesBuildPhase;
			buildActionMask = 2147483647;
			files = (
				115338E72373B9A000B7492F /* MidTermUITests.swift in Sources */,
			);
			runOnlyForDeploymentPostprocessing = 0;
		};
/* End PBXSourcesBuildPhase section */

/* Begin PBXTargetDependency section */
		115338D92373B9A000B7492F /* PBXTargetDependency */ = {
			isa = PBXTargetDependency;
			target = 115338C02373B99F00B7492F /* MidTerm */;
			targetProxy = 115338D82373B9A000B7492F /* PBXContainerItemProxy */;
		};
		115338E42373B9A000B7492F /* PBXTargetDependency */ = {
			isa = PBXTargetDependency;
			target = 115338C02373B99F00B7492F /* MidTerm */;
			targetProxy = 115338E32373B9A000B7492F /* PBXContainerItemProxy */;
		};
/* End PBXTargetDependency section */

/* Begin PBXVariantGroup section */
		115338CA2373B99F00B7492F /* Main.storyboard */ = {
			isa = PBXVariantGroup;
			children = (
				115338CB2373B99F00B7492F /* Base */,
			);
			name = Main.storyboard;
			sourceTree = "<group>";
		};
		115338CF2373B9A000B7492F /* LaunchScreen.storyboard */ = {
			isa = PBXVariantGroup;
			children = (
				115338D02373B9A000B7492F /* Base */,
			);
			name = LaunchScreen.storyboard;
			sourceTree = "<group>";
		};
/* End PBXVariantGroup section */

/* Begin XCBuildConfiguration section */
		115338E92373B9A000B7492F /* Debug */ = {
			isa = XCBuildConfiguration;
			buildSettings = {
				ALWAYS_SEARCH_USER_PATHS = NO;
				CLANG_ANALYZER_NONNULL = YES;
				CLANG_ANALYZER_NUMBER_OBJECT_CONVERSION = YES_AGGRESSIVE;
				CLANG_CXX_LANGUAGE_STANDARD = "gnu++14";
				CLANG_CXX_LIBRARY = "libc++";
				CLANG_ENABLE_MODULES = YES;
				CLANG_ENABLE_OBJC_ARC = YES;
				CLANG_ENABLE_OBJC_WEAK = YES;
				CLANG_WARN_BLOCK_CAPTURE_AUTORELEASING = YES;
				CLANG_WARN_BOOL_CONVERSION = YES;
				CLANG_WARN_COMMA = YES;
				CLANG_WARN_CONSTANT_CONVERSION = YES;
				CLANG_WARN_DEPRECATED_OBJC_IMPLEMENTATIONS = YES;
				CLANG_WARN_DIRECT_OBJC_ISA_USAGE = YES_ERROR;
				CLANG_WARN_DOCUMENTATION_COMMENTS = YES;
				CLANG_WARN_EMPTY_BODY = YES;
				CLANG_WARN_ENUM_CONVERSION = YES;
				CLANG_WARN_INFINITE_RECURSION = YES;
				CLANG_WARN_INT_CONVERSION = YES;
				CLANG_WARN_NON_LITERAL_NULL_CONVERSION = YES;
				CLANG_WARN_OBJC_IMPLICIT_RETAIN_SELF = YES;
				CLANG_WARN_OBJC_LITERAL_CONVERSION = YES;
				CLANG_WARN_OBJC_ROOT_CLASS = YES_ERROR;
				CLANG_WARN_RANGE_LOOP_ANALYSIS = YES;
				CLANG_WARN_STRICT_PROTOTYPES = YES;
				CLANG_WARN_SUSPICIOUS_MOVE = YES;
				CLANG_WARN_UNGUARDED_AVAILABILITY = YES_AGGRESSIVE;
				CLANG_WARN_UNREACHABLE_CODE = YES;
				CLANG_WARN__DUPLICATE_METHOD_MATCH = YES;
				COPY_PHASE_STRIP = NO;
				DEBUG_INFORMATION_FORMAT = dwarf;
				ENABLE_STRICT_OBJC_MSGSEND = YES;
				ENABLE_TESTABILITY = YES;
				GCC_C_LANGUAGE_STANDARD = gnu11;
				GCC_DYNAMIC_NO_PIC = NO;
				GCC_NO_COMMON_BLOCKS = YES;
				GCC_OPTIMIZATION_LEVEL = 0;
				GCC_PREPROCESSOR_DEFINITIONS = (
					"DEBUG=1",
					"$(inherited)",
				);
				GCC_WARN_64_TO_32_BIT_CONVERSION = YES;
				GCC_WARN_ABOUT_RETURN_TYPE = YES_ERROR;
				GCC_WARN_UNDECLARED_SELECTOR = YES;
				GCC_WARN_UNINITIALIZED_AUTOS = YES_AGGRESSIVE;
				GCC_WARN_UNUSED_FUNCTION = YES;
				GCC_WARN_UNUSED_VARIABLE = YES;
				IPHONEOS_DEPLOYMENT_TARGET = 13.0;
				MTL_ENABLE_DEBUG_INFO = INCLUDE_SOURCE;
				MTL_FAST_MATH = YES;
				ONLY_ACTIVE_ARCH = YES;
				SDKROOT = iphoneos;
				SWIFT_ACTIVE_COMPILATION_CONDITIONS = DEBUG;
				SWIFT_OPTIMIZATION_LEVEL = "-Onone";
			};
			name = Debug;
		};
		115338EA2373B9A000B7492F /* Release */ = {
			isa = XCBuildConfiguration;
			buildSettings = {
				ALWAYS_SEARCH_USER_PATHS = NO;
				CLANG_ANALYZER_NONNULL = YES;
				CLANG_ANALYZER_NUMBER_OBJECT_CONVERSION = YES_AGGRESSIVE;
				CLANG_CXX_LANGUAGE_STANDARD = "gnu++14";
				CLANG_CXX_LIBRARY = "libc++";
				CLANG_ENABLE_MODULES = YES;
				CLANG_ENABLE_OBJC_ARC = YES;
				CLANG_ENABLE_OBJC_WEAK = YES;
				CLANG_WARN_BLOCK_CAPTURE_AUTORELEASING = YES;
				CLANG_WARN_BOOL_CONVERSION = YES;
				CLANG_WARN_COMMA = YES;
				CLANG_WARN_CONSTANT_CONVERSION = YES;
				CLANG_WARN_DEPRECATED_OBJC_IMPLEMENTATIONS = YES;
				CLANG_WARN_DIRECT_OBJC_ISA_USAGE = YES_ERROR;
				CLANG_WARN_DOCUMENTATION_COMMENTS = YES;
				CLANG_WARN_EMPTY_BODY = YES;
				CLANG_WARN_ENUM_CONVERSION = YES;
				CLANG_WARN_INFINITE_RECURSION = YES;
				CLANG_WARN_INT_CONVERSION = YES;
				CLANG_WARN_NON_LITERAL_NULL_CONVERSION = YES;
				CLANG_WARN_OBJC_IMPLICIT_RETAIN_SELF = YES;
				CLANG_WARN_OBJC_LITERAL_CONVERSION = YES;
				CLANG_WARN_OBJC_ROOT_CLASS = YES_ERROR;
				CLANG_WARN_RANGE_LOOP_ANALYSIS = YES;
				CLANG_WARN_STRICT_PROTOTYPES = YES;
				CLANG_WARN_SUSPICIOUS_MOVE = YES;
				CLANG_WARN_UNGUARDED_AVAILABILITY = YES_AGGRESSIVE;
				CLANG_WARN_UNREACHABLE_CODE = YES;
				CLANG_WARN__DUPLICATE_METHOD_MATCH = YES;
				COPY_PHASE_STRIP = NO;
				DEBUG_INFORMATION_FORMAT = "dwarf-with-dsym";
				ENABLE_NS_ASSERTIONS = NO;
				ENABLE_STRICT_OBJC_MSGSEND = YES;
				GCC_C_LANGUAGE_STANDARD = gnu11;
				GCC_NO_COMMON_BLOCKS = YES;
				GCC_WARN_64_TO_32_BIT_CONVERSION = YES;
				GCC_WARN_ABOUT_RETURN_TYPE = YES_ERROR;
				GCC_WARN_UNDECLARED_SELECTOR = YES;
				GCC_WARN_UNINITIALIZED_AUTOS = YES_AGGRESSIVE;
				GCC_WARN_UNUSED_FUNCTION = YES;
				GCC_WARN_UNUSED_VARIABLE = YES;
				IPHONEOS_DEPLOYMENT_TARGET = 13.0;
				MTL_ENABLE_DEBUG_INFO = NO;
				MTL_FAST_MATH = YES;
				SDKROOT = iphoneos;
				SWIFT_COMPILATION_MODE = wholemodule;
				SWIFT_OPTIMIZATION_LEVEL = "-O";
				VALIDATE_PRODUCT = YES;
			};
			name = Release;
		};
		115338EC2373B9A000B7492F /* Debug */ = {
			isa = XCBuildConfiguration;
			buildSettings = {
				ASSETCATALOG_COMPILER_APPICON_NAME = AppIcon;
				CODE_SIGN_STYLE = Automatic;
				INFOPLIST_FILE = MidTerm/Info.plist;
				LD_RUNPATH_SEARCH_PATHS = (
					"$(inherited)",
					"@executable_path/Frameworks",
				);
				PRODUCT_BUNDLE_IDENTIFIER = com.bushair.MidTerm;
				PRODUCT_NAME = "$(TARGET_NAME)";
				SWIFT_VERSION = 5.0;
				TARGETED_DEVICE_FAMILY = "1,2";
			};
			name = Debug;
		};
		115338ED2373B9A000B7492F /* Release */ = {
			isa = XCBuildConfiguration;
			buildSettings = {
				ASSETCATALOG_COMPILER_APPICON_NAME = AppIcon;
				CODE_SIGN_STYLE = Automatic;
				INFOPLIST_FILE = MidTerm/Info.plist;
				LD_RUNPATH_SEARCH_PATHS = (
					"$(inherited)",
					"@executable_path/Frameworks",
				);
				PRODUCT_BUNDLE_IDENTIFIER = com.bushair.MidTerm;
				PRODUCT_NAME = "$(TARGET_NAME)";
				SWIFT_VERSION = 5.0;
				TARGETED_DEVICE_FAMILY = "1,2";
			};
			name = Release;
		};
		115338EF2373B9A000B7492F /* Debug */ = {
			isa = XCBuildConfiguration;
			buildSettings = {
				ALWAYS_EMBED_SWIFT_STANDARD_LIBRARIES = YES;
				BUNDLE_LOADER = "$(TEST_HOST)";
				CODE_SIGN_STYLE = Automatic;
				INFOPLIST_FILE = MidTermTests/Info.plist;
				IPHONEOS_DEPLOYMENT_TARGET = 13.0;
				LD_RUNPATH_SEARCH_PATHS = (
					"$(inherited)",
					"@executable_path/Frameworks",
					"@loader_path/Frameworks",
				);
				PRODUCT_BUNDLE_IDENTIFIER = com.bushair.MidTermTests;
				PRODUCT_NAME = "$(TARGET_NAME)";
				SWIFT_VERSION = 5.0;
				TARGETED_DEVICE_FAMILY = "1,2";
				TEST_HOST = "$(BUILT_PRODUCTS_DIR)/MidTerm.app/MidTerm";
			};
			name = Debug;
		};
		115338F02373B9A000B7492F /* Release */ = {
			isa = XCBuildConfiguration;
			buildSettings = {
				ALWAYS_EMBED_SWIFT_STANDARD_LIBRARIES = YES;
				BUNDLE_LOADER = "$(TEST_HOST)";
				CODE_SIGN_STYLE = Automatic;
				INFOPLIST_FILE = MidTermTests/Info.plist;
				IPHONEOS_DEPLOYMENT_TARGET = 13.0;
				LD_RUNPATH_SEARCH_PATHS = (
					"$(inherited)",
					"@executable_path/Frameworks",
					"@loader_path/Frameworks",
				);
				PRODUCT_BUNDLE_IDENTIFIER = com.bushair.MidTermTests;
				PRODUCT_NAME = "$(TARGET_NAME)";
				SWIFT_VERSION = 5.0;
				TARGETED_DEVICE_FAMILY = "1,2";
				TEST_HOST = "$(BUILT_PRODUCTS_DIR)/MidTerm.app/MidTerm";
			};
			name = Release;
		};
		115338F22373B9A000B7492F /* Debug */ = {
			isa = XCBuildConfiguration;
			buildSettings = {
				ALWAYS_EMBED_SWIFT_STANDARD_LIBRARIES = YES;
				CODE_SIGN_STYLE = Automatic;
				INFOPLIST_FILE = MidTermUITests/Info.plist;
				LD_RUNPATH_SEARCH_PATHS = (
					"$(inherited)",
					"@executable_path/Frameworks",
					"@loader_path/Frameworks",
				);
				PRODUCT_BUNDLE_IDENTIFIER = com.bushair.MidTermUITests;
				PRODUCT_NAME = "$(TARGET_NAME)";
				SWIFT_VERSION = 5.0;
				TARGETED_DEVICE_FAMILY = "1,2";
				TEST_TARGET_NAME = MidTerm;
			};
			name = Debug;
		};
		115338F32373B9A000B7492F /* Release */ = {
			isa = XCBuildConfiguration;
			buildSettings = {
				ALWAYS_EMBED_SWIFT_STANDARD_LIBRARIES = YES;
				CODE_SIGN_STYLE = Automatic;
				INFOPLIST_FILE = MidTermUITests/Info.plist;
				LD_RUNPATH_SEARCH_PATHS = (
					"$(inherited)",
					"@executable_path/Frameworks",
					"@loader_path/Frameworks",
				);
				PRODUCT_BUNDLE_IDENTIFIER = com.bushair.MidTermUITests;
				PRODUCT_NAME = "$(TARGET_NAME)";
				SWIFT_VERSION = 5.0;
				TARGETED_DEVICE_FAMILY = "1,2";
				TEST_TARGET_NAME = MidTerm;
			};
			name = Release;
		};
/* End XCBuildConfiguration section */

/* Begin XCConfigurationList section */
		115338BC2373B99F00B7492F /* Build configuration list for PBXProject "MidTerm" */ = {
			isa = XCConfigurationList;
			buildConfigurations = (
				115338E92373B9A000B7492F /* Debug */,
				115338EA2373B9A000B7492F /* Release */,
			);
			defaultConfigurationIsVisible = 0;
			defaultConfigurationName = Release;
		};
		115338EB2373B9A000B7492F /* Build configuration list for PBXNativeTarget "MidTerm" */ = {
			isa = XCConfigurationList;
			buildConfigurations = (
				115338EC2373B9A000B7492F /* Debug */,
				115338ED2373B9A000B7492F /* Release */,
			);
			defaultConfigurationIsVisible = 0;
			defaultConfigurationName = Release;
		};
		115338EE2373B9A000B7492F /* Build configuration list for PBXNativeTarget "MidTermTests" */ = {
			isa = XCConfigurationList;
			buildConfigurations = (
				115338EF2373B9A000B7492F /* Debug */,
				115338F02373B9A000B7492F /* Release */,
			);
			defaultConfigurationIsVisible = 0;
			defaultConfigurationName = Release;
		};
		115338F12373B9A000B7492F /* Build configuration list for PBXNativeTarget "MidTermUITests" */ = {
			isa = XCConfigurationList;
			buildConfigurations = (
				115338F22373B9A000B7492F /* Debug */,
				115338F32373B9A000B7492F /* Release */,
			);
			defaultConfigurationIsVisible = 0;
			defaultConfigurationName = Release;
		};
/* End XCConfigurationList section */
	};
	rootObject = 115338B92373B99F00B7492F /* Project object */;
}
